
Microsoft Visual Studio Solution File, Format Version 12.00
# Visual Studio Version 17
VisualStudioVersion = 17.9.34607.119
MinimumVisualStudioVersion = 10.0.40219.1
Project("{9A19103F-16F7-4668-BE54-9A1E7A4F7556}") = "RocketCalendar", "RocketCalendar\RocketCalendar.csproj", "{A471F3AB-BC6A-472F-B5DB-40DB56B13F90}"
EndProject
Project("{54435603-DBB4-11D2-8724-00A0C9A8B90C}") = "RocketCalendarSetup", "RocketCalendarSetup\RocketCalendarSetup.vdproj", "{390BFFED-D8E9-4706-BB9F-8B972E97F4AC}"
EndProject
Global
	GlobalSection(SolutionConfigurationPlatforms) = preSolution
		Debug|Any CPU = Debug|Any CPU
		Debug|x86 = Debug|x86
		Release|Any CPU = Release|Any CPU
		Release|x86 = Release|x86
	EndGlobalSection
	GlobalSection(ProjectConfigurationPlatforms) = postSolution
		{A471F3AB-BC6A-472F-B5DB-40DB56B13F90}.Debug|Any CPU.ActiveCfg = Debug|Any CPU
		{A471F3AB-BC6A-472F-B5DB-40DB56B13F90}.Debug|Any CPU.Build.0 = Debug|Any CPU
		{A471F3AB-BC6A-472F-B5DB-40DB56B13F90}.Debug|x86.ActiveCfg = Debug|x86
		{A471F3AB-BC6A-472F-B5DB-40DB56B13F90}.Debug|x86.Build.0 = Debug|x86
		{A471F3AB-BC6A-472F-B5DB-40DB56B13F90}.Release|Any CPU.ActiveCfg = Release|Any CPU
		{A471F3AB-BC6A-472F-B5DB-40DB56B13F90}.Release|Any CPU.Build.0 = Release|Any CPU
		{A471F3AB-BC6A-472F-B5DB-40DB56B13F90}.Release|x86.ActiveCfg = Release|x86
		{A471F3AB-BC6A-472F-B5DB-40DB56B13F90}.Release|x86.Build.0 = Release|x86
		{390BFFED-D8E9-4706-BB9F-8B972E97F4AC}.Debug|Any CPU.ActiveCfg = Debug
		{390BFFED-D8E9-4706-BB9F-8B972E97F4AC}.Debug|x86.ActiveCfg = Debug
		{390BFFED-D8E9-4706-BB9F-8B972E97F4AC}.Release|Any CPU.ActiveCfg = Release
		{390BFFED-D8E9-4706-BB9F-8B972E97F4AC}.Release|x86.ActiveCfg = Release
	EndGlobalSection
	GlobalSection(SolutionProperties) = preSolution
		HideSolutionNode = FALSE
	EndGlobalSection
	GlobalSection(ExtensibilityGlobals) = postSolution
		SolutionGuid = {4EB9482C-7FB5-4881-B86E-DDF1538A0B9D}
	EndGlobalSection
EndGlobal
